
Microsoft Visual Studio Solution File, Format Version 12.00
# Visual Studio 15
VisualStudioVersion = 15.0.27004.2002
MinimumVisualStudioVersion = 10.0.40219.1
Project("{FAE04EC0-301F-11D3-BF4B-00C04F79EFBC}") = "Egee.Proxy.Test", "Egee.Proxy.Test\Egee.Proxy.Test.csproj", "{4DD3B9E8-F545-4B01-97A8-796C0FEFD416}"
EndProject
Project("{FAE04EC0-301F-11D3-BF4B-00C04F79EFBC}") = "Egee.Proxy", "Egee.Proxy\Egee.Proxy.csproj", "{5FFD00C5-1466-4993-B0FC-7D6A1FA0EBB7}"
EndProject
Project("{FAE04EC0-301F-11D3-BF4B-00C04F79EFBC}") = "Egee", "Egee\Egee.csproj", "{9C13F23A-E9EE-420C-AD4E-47DA0BF154A2}"
EndProject
Project("{FAE04EC0-301F-11D3-BF4B-00C04F79EFBC}") = "Egee.API.Service.Host", "Egee.API.Service.Host\Egee.API.Service.Host.csproj", "{E98D54A9-1A98-4DE8-9624-CA0F1F860E95}"
EndProject
Project("{FAE04EC0-301F-11D3-BF4B-00C04F79EFBC}") = "Egee.API.Contract", "Egee.API.Contract\Egee.API.Contract.csproj", "{B5862ED2-D360-48DF-A425-E88DA5EF6F2A}"
EndProject
Project("{FAE04EC0-301F-11D3-BF4B-00C04F79EFBC}") = "Egee.API.Service.Test", "Egee.API.Service.Test\Egee.API.Service.Test.csproj", "{D6F395B0-55EF-4890-9108-1A5B686E67D9}"
EndProject
Global
	GlobalSection(SolutionConfigurationPlatforms) = preSolution
		Debug|Any CPU = Debug|Any CPU
		Debug|ARM = Debug|ARM
		Debug|x64 = Debug|x64
		Debug|x86 = Debug|x86
		Release|Any CPU = Release|Any CPU
		Release|ARM = Release|ARM
		Release|x64 = Release|x64
		Release|x86 = Release|x86
	EndGlobalSection
	GlobalSection(ProjectConfigurationPlatforms) = postSolution
		{4DD3B9E8-F545-4B01-97A8-796C0FEFD416}.Debug|Any CPU.ActiveCfg = Debug|x86
		{4DD3B9E8-F545-4B01-97A8-796C0FEFD416}.Debug|ARM.ActiveCfg = Debug|ARM
		{4DD3B9E8-F545-4B01-97A8-796C0FEFD416}.Debug|ARM.Build.0 = Debug|ARM
		{4DD3B9E8-F545-4B01-97A8-796C0FEFD416}.Debug|ARM.Deploy.0 = Debug|ARM
		{4DD3B9E8-F545-4B01-97A8-796C0FEFD416}.Debug|x64.ActiveCfg = Debug|x64
		{4DD3B9E8-F545-4B01-97A8-796C0FEFD416}.Debug|x64.Build.0 = Debug|x64
		{4DD3B9E8-F545-4B01-97A8-796C0FEFD416}.Debug|x64.Deploy.0 = Debug|x64
		{4DD3B9E8-F545-4B01-97A8-796C0FEFD416}.Debug|x86.ActiveCfg = Debug|x86
		{4DD3B9E8-F545-4B01-97A8-796C0FEFD416}.Debug|x86.Build.0 = Debug|x86
		{4DD3B9E8-F545-4B01-97A8-796C0FEFD416}.Debug|x86.Deploy.0 = Debug|x86
		{4DD3B9E8-F545-4B01-97A8-796C0FEFD416}.Release|Any CPU.ActiveCfg = Release|x86
		{4DD3B9E8-F545-4B01-97A8-796C0FEFD416}.Release|ARM.ActiveCfg = Release|ARM
		{4DD3B9E8-F545-4B01-97A8-796C0FEFD416}.Release|ARM.Build.0 = Release|ARM
		{4DD3B9E8-F545-4B01-97A8-796C0FEFD416}.Release|ARM.Deploy.0 = Release|ARM
		{4DD3B9E8-F545-4B01-97A8-796C0FEFD416}.Release|x64.ActiveCfg = Release|x64
		{4DD3B9E8-F545-4B01-97A8-796C0FEFD416}.Release|x64.Build.0 = Release|x64
		{4DD3B9E8-F545-4B01-97A8-796C0FEFD416}.Release|x64.Deploy.0 = Release|x64
		{4DD3B9E8-F545-4B01-97A8-796C0FEFD416}.Release|x86.ActiveCfg = Release|x86
		{4DD3B9E8-F545-4B01-97A8-796C0FEFD416}.Release|x86.Build.0 = Release|x86
		{4DD3B9E8-F545-4B01-97A8-796C0FEFD416}.Release|x86.Deploy.0 = Release|x86
		{5FFD00C5-1466-4993-B0FC-7D6A1FA0EBB7}.Debug|Any CPU.ActiveCfg = Debug|Any CPU
		{5FFD00C5-1466-4993-B0FC-7D6A1FA0EBB7}.Debug|Any CPU.Build.0 = Debug|Any CPU
		{5FFD00C5-1466-4993-B0FC-7D6A1FA0EBB7}.Debug|ARM.ActiveCfg = Debug|ARM
		{5FFD00C5-1466-4993-B0FC-7D6A1FA0EBB7}.Debug|ARM.Build.0 = Debug|ARM
		{5FFD00C5-1466-4993-B0FC-7D6A1FA0EBB7}.Debug|x64.ActiveCfg = Debug|x64
		{5FFD00C5-1466-4993-B0FC-7D6A1FA0EBB7}.Debug|x64.Build.0 = Debug|x64
		{5FFD00C5-1466-4993-B0FC-7D6A1FA0EBB7}.Debug|x86.ActiveCfg = Debug|x86
		{5FFD00C5-1466-4993-B0FC-7D6A1FA0EBB7}.Debug|x86.Build.0 = Debug|x86
		{5FFD00C5-1466-4993-B0FC-7D6A1FA0EBB7}.Release|Any CPU.ActiveCfg = Release|Any CPU
		{5FFD00C5-1466-4993-B0FC-7D6A1FA0EBB7}.Release|Any CPU.Build.0 = Release|Any CPU
		{5FFD00C5-1466-4993-B0FC-7D6A1FA0EBB7}.Release|ARM.ActiveCfg = Release|ARM
		{5FFD00C5-1466-4993-B0FC-7D6A1FA0EBB7}.Release|ARM.Build.0 = Release|ARM
		{5FFD00C5-1466-4993-B0FC-7D6A1FA0EBB7}.Release|x64.ActiveCfg = Release|x64
		{5FFD00C5-1466-4993-B0FC-7D6A1FA0EBB7}.Release|x64.Build.0 = Release|x64
		{5FFD00C5-1466-4993-B0FC-7D6A1FA0EBB7}.Release|x86.ActiveCfg = Release|x86
		{5FFD00C5-1466-4993-B0FC-7D6A1FA0EBB7}.Release|x86.Build.0 = Release|x86
		{9C13F23A-E9EE-420C-AD4E-47DA0BF154A2}.Debug|Any CPU.ActiveCfg = Debug|x86
		{9C13F23A-E9EE-420C-AD4E-47DA0BF154A2}.Debug|ARM.ActiveCfg = Debug|ARM
		{9C13F23A-E9EE-420C-AD4E-47DA0BF154A2}.Debug|ARM.Build.0 = Debug|ARM
		{9C13F23A-E9EE-420C-AD4E-47DA0BF154A2}.Debug|ARM.Deploy.0 = Debug|ARM
		{9C13F23A-E9EE-420C-AD4E-47DA0BF154A2}.Debug|x64.ActiveCfg = Debug|x64
		{9C13F23A-E9EE-420C-AD4E-47DA0BF154A2}.Debug|x64.Build.0 = Debug|x64
		{9C13F23A-E9EE-420C-AD4E-47DA0BF154A2}.Debug|x64.Deploy.0 = Debug|x64
		{9C13F23A-E9EE-420C-AD4E-47DA0BF154A2}.Debug|x86.ActiveCfg = Debug|x86
		{9C13F23A-E9EE-420C-AD4E-47DA0BF154A2}.Debug|x86.Build.0 = Debug|x86
		{9C13F23A-E9EE-420C-AD4E-47DA0BF154A2}.Debug|x86.Deploy.0 = Debug|x86
		{9C13F23A-E9EE-420C-AD4E-47DA0BF154A2}.Release|Any CPU.ActiveCfg = Release|x86
		{9C13F23A-E9EE-420C-AD4E-47DA0BF154A2}.Release|ARM.ActiveCfg = Release|ARM
		{9C13F23A-E9EE-420C-AD4E-47DA0BF154A2}.Release|ARM.Build.0 = Release|ARM
		{9C13F23A-E9EE-420C-AD4E-47DA0BF154A2}.Release|ARM.Deploy.0 = Release|ARM
		{9C13F23A-E9EE-420C-AD4E-47DA0BF154A2}.Release|x64.ActiveCfg = Release|x64
		{9C13F23A-E9EE-420C-AD4E-47DA0BF154A2}.Release|x64.Build.0 = Release|x64
		{9C13F23A-E9EE-420C-AD4E-47DA0BF154A2}.Release|x64.Deploy.0 = Release|x64
		{9C13F23A-E9EE-420C-AD4E-47DA0BF154A2}.Release|x86.ActiveCfg = Release|x86
		{9C13F23A-E9EE-420C-AD4E-47DA0BF154A2}.Release|x86.Build.0 = Release|x86
		{9C13F23A-E9EE-420C-AD4E-47DA0BF154A2}.Release|x86.Deploy.0 = Release|x86
		{E98D54A9-1A98-4DE8-9624-CA0F1F860E95}.Debug|Any CPU.ActiveCfg = Debug|Any CPU
		{E98D54A9-1A98-4DE8-9624-CA0F1F860E95}.Debug|Any CPU.Build.0 = Debug|Any CPU
		{E98D54A9-1A98-4DE8-9624-CA0F1F860E95}.Debug|ARM.ActiveCfg = Debug|Any CPU
		{E98D54A9-1A98-4DE8-9624-CA0F1F860E95}.Debug|ARM.Build.0 = Debug|Any CPU
		{E98D54A9-1A98-4DE8-9624-CA0F1F860E95}.Debug|x64.ActiveCfg = Debug|Any CPU
		{E98D54A9-1A98-4DE8-9624-CA0F1F860E95}.Debug|x64.Build.0 = Debug|Any CPU
		{E98D54A9-1A98-4DE8-9624-CA0F1F860E95}.Debug|x86.ActiveCfg = Debug|Any CPU
		{E98D54A9-1A98-4DE8-9624-CA0F1F860E95}.Debug|x86.Build.0 = Debug|Any CPU
		{E98D54A9-1A98-4DE8-9624-CA0F1F860E95}.Release|Any CPU.ActiveCfg = Release|Any CPU
		{E98D54A9-1A98-4DE8-9624-CA0F1F860E95}.Release|Any CPU.Build.0 = Release|Any CPU
		{E98D54A9-1A98-4DE8-9624-CA0F1F860E95}.Release|ARM.ActiveCfg = Release|Any CPU
		{E98D54A9-1A98-4DE8-9624-CA0F1F860E95}.Release|ARM.Build.0 = Release|Any CPU
		{E98D54A9-1A98-4DE8-9624-CA0F1F860E95}.Release|x64.ActiveCfg = Release|Any CPU
		{E98D54A9-1A98-4DE8-9624-CA0F1F860E95}.Release|x64.Build.0 = Release|Any CPU
		{E98D54A9-1A98-4DE8-9624-CA0F1F860E95}.Release|x86.ActiveCfg = Release|Any CPU
		{E98D54A9-1A98-4DE8-9624-CA0F1F860E95}.Release|x86.Build.0 = Release|Any CPU
		{B5862ED2-D360-48DF-A425-E88DA5EF6F2A}.Debug|Any CPU.ActiveCfg = Debug|Any CPU
		{B5862ED2-D360-48DF-A425-E88DA5EF6F2A}.Debug|Any CPU.Build.0 = Debug|Any CPU
		{B5862ED2-D360-48DF-A425-E88DA5EF6F2A}.Debug|ARM.ActiveCfg = Debug|Any CPU
		{B5862ED2-D360-48DF-A425-E88DA5EF6F2A}.Debug|ARM.Build.0 = Debug|Any CPU
		{B5862ED2-D360-48DF-A425-E88DA5EF6F2A}.Debug|x64.ActiveCfg = Debug|Any CPU
		{B5862ED2-D360-48DF-A425-E88DA5EF6F2A}.Debug|x64.Build.0 = Debug|Any CPU
		{B5862ED2-D360-48DF-A425-E88DA5EF6F2A}.Debug|x86.ActiveCfg = Debug|Any CPU
		{B5862ED2-D360-48DF-A425-E88DA5EF6F2A}.Debug|x86.Build.0 = Debug|Any CPU
		{B5862ED2-D360-48DF-A425-E88DA5EF6F2A}.Release|Any CPU.ActiveCfg = Release|Any CPU
		{B5862ED2-D360-48DF-A425-E88DA5EF6F2A}.Release|Any CPU.Build.0 = Release|Any CPU
		{B5862ED2-D360-48DF-A425-E88DA5EF6F2A}.Release|ARM.ActiveCfg = Release|Any CPU
		{B5862ED2-D360-48DF-A425-E88DA5EF6F2A}.Release|ARM.Build.0 = Release|Any CPU
		{B5862ED2-D360-48DF-A425-E88DA5EF6F2A}.Release|x64.ActiveCfg = Release|Any CPU
		{B5862ED2-D360-48DF-A425-E88DA5EF6F2A}.Release|x64.Build.0 = Release|Any CPU
		{B5862ED2-D360-48DF-A425-E88DA5EF6F2A}.Release|x86.ActiveCfg = Release|Any CPU
		{B5862ED2-D360-48DF-A425-E88DA5EF6F2A}.Release|x86.Build.0 = Release|Any CPU
		{D6F395B0-55EF-4890-9108-1A5B686E67D9}.Debug|Any CPU.ActiveCfg = Debug|Any CPU
		{D6F395B0-55EF-4890-9108-1A5B686E67D9}.Debug|Any CPU.Build.0 = Debug|Any CPU
		{D6F395B0-55EF-4890-9108-1A5B686E67D9}.Debug|ARM.ActiveCfg = Debug|Any CPU
		{D6F395B0-55EF-4890-9108-1A5B686E67D9}.Debug|ARM.Build.0 = Debug|Any CPU
		{D6F395B0-55EF-4890-9108-1A5B686E67D9}.Debug|x64.ActiveCfg = Debug|Any CPU
		{D6F395B0-55EF-4890-9108-1A5B686E67D9}.Debug|x64.Build.0 = Debug|Any CPU
		{D6F395B0-55EF-4890-9108-1A5B686E67D9}.Debug|x86.ActiveCfg = Debug|Any CPU
		{D6F395B0-55EF-4890-9108-1A5B686E67D9}.Debug|x86.Build.0 = Debug|Any CPU
		{D6F395B0-55EF-4890-9108-1A5B686E67D9}.Release|Any CPU.ActiveCfg = Release|Any CPU
		{D6F395B0-55EF-4890-9108-1A5B686E67D9}.Release|Any CPU.Build.0 = Release|Any CPU
		{D6F395B0-55EF-4890-9108-1A5B686E67D9}.Release|ARM.ActiveCfg = Release|Any CPU
		{D6F395B0-55EF-4890-9108-1A5B686E67D9}.Release|ARM.Build.0 = Release|Any CPU
		{D6F395B0-55EF-4890-9108-1A5B686E67D9}.Release|x64.ActiveCfg = Release|Any CPU
		{D6F395B0-55EF-4890-9108-1A5B686E67D9}.Release|x64.Build.0 = Release|Any CPU
		{D6F395B0-55EF-4890-9108-1A5B686E67D9}.Release|x86.ActiveCfg = Release|Any CPU
		{D6F395B0-55EF-4890-9108-1A5B686E67D9}.Release|x86.Build.0 = Release|Any CPU
	EndGlobalSection
	GlobalSection(SolutionProperties) = preSolution
		HideSolutionNode = FALSE
	EndGlobalSection
	GlobalSection(ExtensibilityGlobals) = postSolution
		SolutionGuid = {AE14CBAF-D67F-4F53-BE6E-9EBF22896EB3}
	EndGlobalSection
EndGlobal
